
Microsoft Visual Studio Solution File, Format Version 12.00
# Visual Studio Version 17
VisualStudioVersion = 17.13.35919.96
MinimumVisualStudioVersion = 10.0.40219.1
Project("{FAE04EC0-301F-11D3-BF4B-00C04F79EFBC}") = "bai1", "bai1\bai1.csproj", "{D4170198-82A4-4BFD-B2A5-348A01800FFF}"
EndProject
Project("{FAE04EC0-301F-11D3-BF4B-00C04F79EFBC}") = "bai mau", "bai mau\bai mau.csproj", "{26628B4B-158B-EB1F-3559-C6674185CADD}"
EndProject
Project("{FAE04EC0-301F-11D3-BF4B-00C04F79EFBC}") = "bai2", "bai2\bai2.csproj", "{9F7A2E9B-0DB6-4AA6-896B-4E72C3A66EB9}"
EndProject
Project("{FAE04EC0-301F-11D3-BF4B-00C04F79EFBC}") = "bai3", "lab3\bai3.csproj", "{64A67232-7D6B-4ADD-BE8A-35C3365A7447}"
EndProject
Project("{FAE04EC0-301F-11D3-BF4B-00C04F79EFBC}") = "bai4", "bai4\bai4.csproj", "{5FCEC6A9-99C4-4835-A6A0-6898904DCC2E}"
EndProject
Global
	GlobalSection(SolutionConfigurationPlatforms) = preSolution
		Debug|Any CPU = Debug|Any CPU
		Release|Any CPU = Release|Any CPU
	EndGlobalSection
	GlobalSection(ProjectConfigurationPlatforms) = postSolution
		{D4170198-82A4-4BFD-B2A5-348A01800FFF}.Debug|Any CPU.ActiveCfg = Debug|Any CPU
		{D4170198-82A4-4BFD-B2A5-348A01800FFF}.Debug|Any CPU.Build.0 = Debug|Any CPU
		{D4170198-82A4-4BFD-B2A5-348A01800FFF}.Release|Any CPU.ActiveCfg = Release|Any CPU
		{D4170198-82A4-4BFD-B2A5-348A01800FFF}.Release|Any CPU.Build.0 = Release|Any CPU
		{26628B4B-158B-EB1F-3559-C6674185CADD}.Debug|Any CPU.ActiveCfg = Debug|Any CPU
		{26628B4B-158B-EB1F-3559-C6674185CADD}.Debug|Any CPU.Build.0 = Debug|Any CPU
		{26628B4B-158B-EB1F-3559-C6674185CADD}.Release|Any CPU.ActiveCfg = Release|Any CPU
		{26628B4B-158B-EB1F-3559-C6674185CADD}.Release|Any CPU.Build.0 = Release|Any CPU
		{9F7A2E9B-0DB6-4AA6-896B-4E72C3A66EB9}.Debug|Any CPU.ActiveCfg = Debug|Any CPU
		{9F7A2E9B-0DB6-4AA6-896B-4E72C3A66EB9}.Debug|Any CPU.Build.0 = Debug|Any CPU
		{9F7A2E9B-0DB6-4AA6-896B-4E72C3A66EB9}.Release|Any CPU.ActiveCfg = Release|Any CPU
		{9F7A2E9B-0DB6-4AA6-896B-4E72C3A66EB9}.Release|Any CPU.Build.0 = Release|Any CPU
		{64A67232-7D6B-4ADD-BE8A-35C3365A7447}.Debug|Any CPU.ActiveCfg = Debug|Any CPU
		{64A67232-7D6B-4ADD-BE8A-35C3365A7447}.Debug|Any CPU.Build.0 = Debug|Any CPU
		{64A67232-7D6B-4ADD-BE8A-35C3365A7447}.Release|Any CPU.ActiveCfg = Release|Any CPU
		{64A67232-7D6B-4ADD-BE8A-35C3365A7447}.Release|Any CPU.Build.0 = Release|Any CPU
		{5FCEC6A9-99C4-4835-A6A0-6898904DCC2E}.Debug|Any CPU.ActiveCfg = Debug|Any CPU
		{5FCEC6A9-99C4-4835-A6A0-6898904DCC2E}.Debug|Any CPU.Build.0 = Debug|Any CPU
		{5FCEC6A9-99C4-4835-A6A0-6898904DCC2E}.Release|Any CPU.ActiveCfg = Release|Any CPU
		{5FCEC6A9-99C4-4835-A6A0-6898904DCC2E}.Release|Any CPU.Build.0 = Release|Any CPU
	EndGlobalSection
	GlobalSection(SolutionProperties) = preSolution
		HideSolutionNode = FALSE
	EndGlobalSection
	GlobalSection(ExtensibilityGlobals) = postSolution
		SolutionGuid = {3D6BEC44-B41B-43FF-AEAA-4F9E71C46B4B}
	EndGlobalSection
EndGlobal
